// !$*UTF8*$!
{
	archiveVersion = 1;
	classes = {
	};
	objectVersion = 50;
	objects = {

/* Begin PBXBuildFile section */
		AC360E6723EA2BE900F5F527 /* WarningMessage.swift in Sources */ = {isa = PBXBuildFile; fileRef = AC360E6623EA2BE900F5F527 /* WarningMessage.swift */; };
		AC6E805B23EB61F200A18264 /* Weapon.swift in Sources */ = {isa = PBXBuildFile; fileRef = AC6E805A23EB61F200A18264 /* Weapon.swift */; };
		AC9ADA9E23EC7018001E65E1 /* Chest.swift in Sources */ = {isa = PBXBuildFile; fileRef = AC9ADA9D23EC7018001E65E1 /* Chest.swift */; };
		ACD6222423E4BAFF004E723A /* main.swift in Sources */ = {isa = PBXBuildFile; fileRef = ACD6222323E4BAFF004E723A /* main.swift */; };
		ACD6222B23E4BB1A004E723A /* Archer.swift in Sources */ = {isa = PBXBuildFile; fileRef = ACD6222A23E4BB1A004E723A /* Archer.swift */; };
		ACD6222D23E4BB32004E723A /* GameManager.swift in Sources */ = {isa = PBXBuildFile; fileRef = ACD6222C23E4BB32004E723A /* GameManager.swift */; };
		ACD6222F23E4BB41004E723A /* Knight.swift in Sources */ = {isa = PBXBuildFile; fileRef = ACD6222E23E4BB41004E723A /* Knight.swift */; };
		ACD6223123E4BB4F004E723A /* Magus.swift in Sources */ = {isa = PBXBuildFile; fileRef = ACD6223023E4BB4F004E723A /* Magus.swift */; };
		ACD6223323E4BB65004E723A /* Player.swift in Sources */ = {isa = PBXBuildFile; fileRef = ACD6223223E4BB65004E723A /* Player.swift */; };
		ACD6223523E4BB81004E723A /* Warrior.swift in Sources */ = {isa = PBXBuildFile; fileRef = ACD6223423E4BB81004E723A /* Warrior.swift */; };
		ACD6223723E4BC7E004E723A /* WarriorType.swift in Sources */ = {isa = PBXBuildFile; fileRef = ACD6223623E4BC7E004E723A /* WarriorType.swift */; };
		ACD6223923E4C0B9004E723A /* ActionType.swift in Sources */ = {isa = PBXBuildFile; fileRef = ACD6223823E4C0B9004E723A /* ActionType.swift */; };
/* End PBXBuildFile section */

/* Begin PBXCopyFilesBuildPhase section */
		ACD6221E23E4BAFF004E723A /* CopyFiles */ = {
			isa = PBXCopyFilesBuildPhase;
			buildActionMask = 2147483647;
			dstPath = /usr/share/man/man1/;
			dstSubfolderSpec = 0;
			files = (
			);
			runOnlyForDeploymentPostprocessing = 1;
		};
/* End PBXCopyFilesBuildPhase section */

/* Begin PBXFileReference section */
		AC360E6623EA2BE900F5F527 /* WarningMessage.swift */ = {isa = PBXFileReference; lastKnownFileType = sourcecode.swift; path = WarningMessage.swift; sourceTree = "<group>"; };
		AC6E805A23EB61F200A18264 /* Weapon.swift */ = {isa = PBXFileReference; lastKnownFileType = sourcecode.swift; path = Weapon.swift; sourceTree = "<group>"; };
		AC9ADA9D23EC7018001E65E1 /* Chest.swift */ = {isa = PBXFileReference; lastKnownFileType = sourcecode.swift; path = Chest.swift; sourceTree = "<group>"; };
		ACD6222023E4BAFF004E723A /* P3OC */ = {isa = PBXFileReference; explicitFileType = "compiled.mach-o.executable"; includeInIndex = 0; path = P3OC; sourceTree = BUILT_PRODUCTS_DIR; };
		ACD6222323E4BAFF004E723A /* main.swift */ = {isa = PBXFileReference; lastKnownFileType = sourcecode.swift; path = main.swift; sourceTree = "<group>"; };
		ACD6222A23E4BB1A004E723A /* Archer.swift */ = {isa = PBXFileReference; lastKnownFileType = sourcecode.swift; path = Archer.swift; sourceTree = "<group>"; };
		ACD6222C23E4BB32004E723A /* GameManager.swift */ = {isa = PBXFileReference; lastKnownFileType = sourcecode.swift; path = GameManager.swift; sourceTree = "<group>"; };
		ACD6222E23E4BB41004E723A /* Knight.swift */ = {isa = PBXFileReference; lastKnownFileType = sourcecode.swift; path = Knight.swift; sourceTree = "<group>"; };
		ACD6223023E4BB4F004E723A /* Magus.swift */ = {isa = PBXFileReference; lastKnownFileType = sourcecode.swift; path = Magus.swift; sourceTree = "<group>"; };
		ACD6223223E4BB65004E723A /* Player.swift */ = {isa = PBXFileReference; lastKnownFileType = sourcecode.swift; path = Player.swift; sourceTree = "<group>"; };
		ACD6223423E4BB81004E723A /* Warrior.swift */ = {isa = PBXFileReference; lastKnownFileType = sourcecode.swift; path = Warrior.swift; sourceTree = "<group>"; };
		ACD6223623E4BC7E004E723A /* WarriorType.swift */ = {isa = PBXFileReference; lastKnownFileType = sourcecode.swift; path = WarriorType.swift; sourceTree = "<group>"; };
		ACD6223823E4C0B9004E723A /* ActionType.swift */ = {isa = PBXFileReference; lastKnownFileType = sourcecode.swift; path = ActionType.swift; sourceTree = "<group>"; };
/* End PBXFileReference section */

/* Begin PBXFrameworksBuildPhase section */
		ACD6221D23E4BAFF004E723A /* Frameworks */ = {
			isa = PBXFrameworksBuildPhase;
			buildActionMask = 2147483647;
			files = (
			);
			runOnlyForDeploymentPostprocessing = 0;
		};
/* End PBXFrameworksBuildPhase section */

/* Begin PBXGroup section */
		AC360E6923EB1DCC00F5F527 /* Weapon */ = {
			isa = PBXGroup;
			children = (
				AC6E805A23EB61F200A18264 /* Weapon.swift */,
			);
			path = Weapon;
			sourceTree = "<group>";
		};
		AC360E6D23EB1E9200F5F527 /* Chest */ = {
			isa = PBXGroup;
			children = (
				AC9ADA9D23EC7018001E65E1 /* Chest.swift */,
			);
			path = Chest;
			sourceTree = "<group>";
		};
		AC711EF823F05F36004557FE /* Player */ = {
			isa = PBXGroup;
			children = (
				ACD6223223E4BB65004E723A /* Player.swift */,
				ACD6223823E4C0B9004E723A /* ActionType.swift */,
			);
			path = Player;
			sourceTree = "<group>";
		};
		ACD6221723E4BAFF004E723A = {
			isa = PBXGroup;
			children = (
				ACD6222223E4BAFF004E723A /* P3OC */,
				ACD6222123E4BAFF004E723A /* Products */,
			);
			sourceTree = "<group>";
		};
		ACD6222123E4BAFF004E723A /* Products */ = {
			isa = PBXGroup;
			children = (
				ACD6222023E4BAFF004E723A /* P3OC */,
			);
			name = Products;
			sourceTree = "<group>";
		};
		ACD6222223E4BAFF004E723A /* P3OC */ = {
			isa = PBXGroup;
			children = (
				ACD6222323E4BAFF004E723A /* main.swift */,
				ACD6222C23E4BB32004E723A /* GameManager.swift */,
				AC360E6623EA2BE900F5F527 /* WarningMessage.swift */,
				AC711EF823F05F36004557FE /* Player */,
				ACEF58AA23EA09BD00FD375B /* Warriors */,
				AC360E6923EB1DCC00F5F527 /* Weapon */,
				AC360E6D23EB1E9200F5F527 /* Chest */,
			);
			path = P3OC;
			sourceTree = "<group>";
		};
		ACEF58AA23EA09BD00FD375B /* Warriors */ = {
			isa = PBXGroup;
			children = (
				ACD6223423E4BB81004E723A /* Warrior.swift */,
				ACD6223623E4BC7E004E723A /* WarriorType.swift */,
				ACEF58AB23EA09CA00FD375B /* Children */,
			);
			path = Warriors;
			sourceTree = "<group>";
		};
		ACEF58AB23EA09CA00FD375B /* Children */ = {
			isa = PBXGroup;
			children = (
				ACD6223023E4BB4F004E723A /* Magus.swift */,
				ACD6222E23E4BB41004E723A /* Knight.swift */,
				ACD6222A23E4BB1A004E723A /* Archer.swift */,
			);
			path = Children;
			sourceTree = "<group>";
		};
/* End PBXGroup section */

/* Begin PBXNativeTarget section */
		ACD6221F23E4BAFF004E723A /* P3OC */ = {
			isa = PBXNativeTarget;
			buildConfigurationList = ACD6222723E4BAFF004E723A /* Build configuration list for PBXNativeTarget "P3OC" */;
			buildPhases = (
				ACD6221C23E4BAFF004E723A /* Sources */,
				ACD6221D23E4BAFF004E723A /* Frameworks */,
				ACD6221E23E4BAFF004E723A /* CopyFiles */,
			);
			buildRules = (
			);
			dependencies = (
			);
			name = P3OC;
			productName = P3OC;
			productReference = ACD6222023E4BAFF004E723A /* P3OC */;
			productType = "com.apple.product-type.tool";
		};
/* End PBXNativeTarget section */

/* Begin PBXProject section */
		ACD6221823E4BAFF004E723A /* Project object */ = {
			isa = PBXProject;
			attributes = {
				LastSwiftUpdateCheck = 1130;
				LastUpgradeCheck = 1130;
				ORGANIZATIONNAME = "Canessane Poudja";
				TargetAttributes = {
					ACD6221F23E4BAFF004E723A = {
						CreatedOnToolsVersion = 11.3.1;
					};
				};
			};
			buildConfigurationList = ACD6221B23E4BAFF004E723A /* Build configuration list for PBXProject "P3OC" */;
			compatibilityVersion = "Xcode 9.3";
			developmentRegion = en;
			hasScannedForEncodings = 0;
			knownRegions = (
				en,
				Base,
			);
			mainGroup = ACD6221723E4BAFF004E723A;
			productRefGroup = ACD6222123E4BAFF004E723A /* Products */;
			projectDirPath = "";
			projectRoot = "";
			targets = (
				ACD6221F23E4BAFF004E723A /* P3OC */,
			);
		};
/* End PBXProject section */

/* Begin PBXSourcesBuildPhase section */
		ACD6221C23E4BAFF004E723A /* Sources */ = {
			isa = PBXSourcesBuildPhase;
			buildActionMask = 2147483647;
			files = (
				ACD6223523E4BB81004E723A /* Warrior.swift in Sources */,
				ACD6222F23E4BB41004E723A /* Knight.swift in Sources */,
				AC360E6723EA2BE900F5F527 /* WarningMessage.swift in Sources */,
				ACD6222B23E4BB1A004E723A /* Archer.swift in Sources */,
				AC6E805B23EB61F200A18264 /* Weapon.swift in Sources */,
				AC9ADA9E23EC7018001E65E1 /* Chest.swift in Sources */,
				ACD6223123E4BB4F004E723A /* Magus.swift in Sources */,
				ACD6223723E4BC7E004E723A /* WarriorType.swift in Sources */,
				ACD6222D23E4BB32004E723A /* GameManager.swift in Sources */,
				ACD6223323E4BB65004E723A /* Player.swift in Sources */,
				ACD6223923E4C0B9004E723A /* ActionType.swift in Sources */,
				ACD6222423E4BAFF004E723A /* main.swift in Sources */,
			);
			runOnlyForDeploymentPostprocessing = 0;
		};
/* End PBXSourcesBuildPhase section */

/* Begin XCBuildConfiguration section */
		ACD6222523E4BAFF004E723A /* Debug */ = {
			isa = XCBuildConfiguration;
			buildSettings = {
				ALWAYS_SEARCH_USER_PATHS = NO;
				CLANG_ANALYZER_NONNULL = YES;
				CLANG_ANALYZER_NUMBER_OBJECT_CONVERSION = YES_AGGRESSIVE;
				CLANG_CXX_LANGUAGE_STANDARD = "gnu++14";
				CLANG_CXX_LIBRARY = "libc++";
				CLANG_ENABLE_MODULES = YES;
				CLANG_ENABLE_OBJC_ARC = YES;
				CLANG_ENABLE_OBJC_WEAK = YES;
				CLANG_WARN_BLOCK_CAPTURE_AUTORELEASING = YES;
				CLANG_WARN_BOOL_CONVERSION = YES;
				CLANG_WARN_COMMA = YES;
				CLANG_WARN_CONSTANT_CONVERSION = YES;
				CLANG_WARN_DEPRECATED_OBJC_IMPLEMENTATIONS = YES;
				CLANG_WARN_DIRECT_OBJC_ISA_USAGE = YES_ERROR;
				CLANG_WARN_DOCUMENTATION_COMMENTS = YES;
				CLANG_WARN_EMPTY_BODY = YES;
				CLANG_WARN_ENUM_CONVERSION = YES;
				CLANG_WARN_INFINITE_RECURSION = YES;
				CLANG_WARN_INT_CONVERSION = YES;
				CLANG_WARN_NON_LITERAL_NULL_CONVERSION = YES;
				CLANG_WARN_OBJC_IMPLICIT_RETAIN_SELF = YES;
				CLANG_WARN_OBJC_LITERAL_CONVERSION = YES;
				CLANG_WARN_OBJC_ROOT_CLASS = YES_ERROR;
				CLANG_WARN_RANGE_LOOP_ANALYSIS = YES;
				CLANG_WARN_STRICT_PROTOTYPES = YES;
				CLANG_WARN_SUSPICIOUS_MOVE = YES;
				CLANG_WARN_UNGUARDED_AVAILABILITY = YES_AGGRESSIVE;
				CLANG_WARN_UNREACHABLE_CODE = YES;
				CLANG_WARN__DUPLICATE_METHOD_MATCH = YES;
				COPY_PHASE_STRIP = NO;
				DEBUG_INFORMATION_FORMAT = dwarf;
				ENABLE_STRICT_OBJC_MSGSEND = YES;
				ENABLE_TESTABILITY = YES;
				GCC_C_LANGUAGE_STANDARD = gnu11;
				GCC_DYNAMIC_NO_PIC = NO;
				GCC_NO_COMMON_BLOCKS = YES;
				GCC_OPTIMIZATION_LEVEL = 0;
				GCC_PREPROCESSOR_DEFINITIONS = (
					"DEBUG=1",
					"$(inherited)",
				);
				GCC_WARN_64_TO_32_BIT_CONVERSION = YES;
				GCC_WARN_ABOUT_RETURN_TYPE = YES_ERROR;
				GCC_WARN_UNDECLARED_SELECTOR = YES;
				GCC_WARN_UNINITIALIZED_AUTOS = YES_AGGRESSIVE;
				GCC_WARN_UNUSED_FUNCTION = YES;
				GCC_WARN_UNUSED_VARIABLE = YES;
				MACOSX_DEPLOYMENT_TARGET = 10.15;
				MTL_ENABLE_DEBUG_INFO = INCLUDE_SOURCE;
				MTL_FAST_MATH = YES;
				ONLY_ACTIVE_ARCH = YES;
				SDKROOT = macosx;
				SWIFT_ACTIVE_COMPILATION_CONDITIONS = DEBUG;
				SWIFT_OPTIMIZATION_LEVEL = "-Onone";
			};
			name = Debug;
		};
		ACD6222623E4BAFF004E723A /* Release */ = {
			isa = XCBuildConfiguration;
			buildSettings = {
				ALWAYS_SEARCH_USER_PATHS = NO;
				CLANG_ANALYZER_NONNULL = YES;
				CLANG_ANALYZER_NUMBER_OBJECT_CONVERSION = YES_AGGRESSIVE;
				CLANG_CXX_LANGUAGE_STANDARD = "gnu++14";
				CLANG_CXX_LIBRARY = "libc++";
				CLANG_ENABLE_MODULES = YES;
				CLANG_ENABLE_OBJC_ARC = YES;
				CLANG_ENABLE_OBJC_WEAK = YES;
				CLANG_WARN_BLOCK_CAPTURE_AUTORELEASING = YES;
				CLANG_WARN_BOOL_CONVERSION = YES;
				CLANG_WARN_COMMA = YES;
				CLANG_WARN_CONSTANT_CONVERSION = YES;
				CLANG_WARN_DEPRECATED_OBJC_IMPLEMENTATIONS = YES;
				CLANG_WARN_DIRECT_OBJC_ISA_USAGE = YES_ERROR;
				CLANG_WARN_DOCUMENTATION_COMMENTS = YES;
				CLANG_WARN_EMPTY_BODY = YES;
				CLANG_WARN_ENUM_CONVERSION = YES;
				CLANG_WARN_INFINITE_RECURSION = YES;
				CLANG_WARN_INT_CONVERSION = YES;
				CLANG_WARN_NON_LITERAL_NULL_CONVERSION = YES;
				CLANG_WARN_OBJC_IMPLICIT_RETAIN_SELF = YES;
				CLANG_WARN_OBJC_LITERAL_CONVERSION = YES;
				CLANG_WARN_OBJC_ROOT_CLASS = YES_ERROR;
				CLANG_WARN_RANGE_LOOP_ANALYSIS = YES;
				CLANG_WARN_STRICT_PROTOTYPES = YES;
				CLANG_WARN_SUSPICIOUS_MOVE = YES;
				CLANG_WARN_UNGUARDED_AVAILABILITY = YES_AGGRESSIVE;
				CLANG_WARN_UNREACHABLE_CODE = YES;
				CLANG_WARN__DUPLICATE_METHOD_MATCH = YES;
				COPY_PHASE_STRIP = NO;
				DEBUG_INFORMATION_FORMAT = "dwarf-with-dsym";
				ENABLE_NS_ASSERTIONS = NO;
				ENABLE_STRICT_OBJC_MSGSEND = YES;
				GCC_C_LANGUAGE_STANDARD = gnu11;
				GCC_NO_COMMON_BLOCKS = YES;
				GCC_WARN_64_TO_32_BIT_CONVERSION = YES;
				GCC_WARN_ABOUT_RETURN_TYPE = YES_ERROR;
				GCC_WARN_UNDECLARED_SELECTOR = YES;
				GCC_WARN_UNINITIALIZED_AUTOS = YES_AGGRESSIVE;
				GCC_WARN_UNUSED_FUNCTION = YES;
				GCC_WARN_UNUSED_VARIABLE = YES;
				MACOSX_DEPLOYMENT_TARGET = 10.15;
				MTL_ENABLE_DEBUG_INFO = NO;
				MTL_FAST_MATH = YES;
				SDKROOT = macosx;
				SWIFT_COMPILATION_MODE = wholemodule;
				SWIFT_OPTIMIZATION_LEVEL = "-O";
			};
			name = Release;
		};
		ACD6222823E4BAFF004E723A /* Debug */ = {
			isa = XCBuildConfiguration;
			buildSettings = {
				CODE_SIGN_STYLE = Automatic;
				DEVELOPMENT_TEAM = Y56L8SS28B;
				ENABLE_HARDENED_RUNTIME = YES;
				PRODUCT_NAME = "$(TARGET_NAME)";
				SWIFT_VERSION = 5.0;
			};
			name = Debug;
		};
		ACD6222923E4BAFF004E723A /* Release */ = {
			isa = XCBuildConfiguration;
			buildSettings = {
				CODE_SIGN_STYLE = Automatic;
				DEVELOPMENT_TEAM = Y56L8SS28B;
				ENABLE_HARDENED_RUNTIME = YES;
				PRODUCT_NAME = "$(TARGET_NAME)";
				SWIFT_VERSION = 5.0;
			};
			name = Release;
		};
/* End XCBuildConfiguration section */

/* Begin XCConfigurationList section */
		ACD6221B23E4BAFF004E723A /* Build configuration list for PBXProject "P3OC" */ = {
			isa = XCConfigurationList;
			buildConfigurations = (
				ACD6222523E4BAFF004E723A /* Debug */,
				ACD6222623E4BAFF004E723A /* Release */,
			);
			defaultConfigurationIsVisible = 0;
			defaultConfigurationName = Release;
		};
		ACD6222723E4BAFF004E723A /* Build configuration list for PBXNativeTarget "P3OC" */ = {
			isa = XCConfigurationList;
			buildConfigurations = (
				ACD6222823E4BAFF004E723A /* Debug */,
				ACD6222923E4BAFF004E723A /* Release */,
			);
			defaultConfigurationIsVisible = 0;
			defaultConfigurationName = Release;
		};
/* End XCConfigurationList section */
	};
	rootObject = ACD6221823E4BAFF004E723A /* Project object */;
}
